{
  "name": "5f4233aaff6e7d00",
  "lockfileVersion": 3,
  "requires": true,
  "packages": {
    "": {
      "dependencies": {
        "petdev": "^0.1.0"
      }
    },
    "node_modules/petdev": {
      "version": "0.1.0",
      "resolved": "https://registry.npmjs.org/petdev/-/petdev-0.1.0.tgz",
      "integrity": "sha512-H/RKqyqWKwFmGviEY8d1lX7yvMaJKje40FdvI8CzSRISmt+5va9ka+xnK1iK6m7ZKBU6StbFWEU+n9FAuPinsQ==",
      "license": "MIT",
      "bin": {
        "petdev": "bin/petdev.js"
      },
      "engines": {
        "node": ">=20"
      }
    }
  }
}
