{
  "name": "5f4233aaff6e7d00",
  "lockfileVersion": 3,
  "requires": true,
  "packages": {
    "": {
      "dependencies": {
        "petdev": "^0.1.1"
      }
    },
    "node_modules/petdev": {
      "version": "0.1.1",
      "resolved": "https://registry.npmjs.org/petdev/-/petdev-0.1.1.tgz",
      "integrity": "sha512-i9+5JPOTgxXjM1EsYjSQ3M1mWAjbUYcl5gD45tHCbD452dIbI65tYl9Pt3le0nKaK0g+smnG0ygLEDNvM/kMYg==",
      "license": "MIT",
      "bin": {
        "petdev": "bin/petdev.js"
      },
      "engines": {
        "node": ">=20"
      }
    }
  }
}
